
Microsoft Visual Studio Solution File, Format Version 12.00
# Visual Studio Version 16
VisualStudioVersion = 16.0.32901.82
MinimumVisualStudioVersion = 10.0.40219.1
Project("{F184B08F-C81C-45F6-A57F-5ABD9991F28F}") = "FileSaver", "FileSaver\FileSaver.vbproj", "{65661AA9-629A-44A0-AD92-70EE83E2F4BF}"
EndProject
Global
	GlobalSection(SolutionConfigurationPlatforms) = preSolution
		Debug|Any CPU = Debug|Any CPU
		Release|Any CPU = Release|Any CPU
	EndGlobalSection
	GlobalSection(ProjectConfigurationPlatforms) = postSolution
		{65661AA9-629A-44A0-AD92-70EE83E2F4BF}.Debug|Any CPU.ActiveCfg = Debug|Any CPU
		{65661AA9-629A-44A0-AD92-70EE83E2F4BF}.Debug|Any CPU.Build.0 = Debug|Any CPU
		{65661AA9-629A-44A0-AD92-70EE83E2F4BF}.Release|Any CPU.ActiveCfg = Release|Any CPU
		{65661AA9-629A-44A0-AD92-70EE83E2F4BF}.Release|Any CPU.Build.0 = Release|Any CPU
	EndGlobalSection
	GlobalSection(SolutionProperties) = preSolution
		HideSolutionNode = FALSE
	EndGlobalSection
	GlobalSection(ExtensibilityGlobals) = postSolution
		SolutionGuid = {723FFD8A-ECA8-40C8-86BC-8C0945B4E375}
	EndGlobalSection
EndGlobal
